
Microsoft Visual Studio Solution File, Format Version 12.00
# Visual Studio Version 17
VisualStudioVersion = 17.2.32526.322
MinimumVisualStudioVersion = 10.0.40219.1
Project("{8BC9CEB8-8B4A-11D0-8D11-00A0C91BC942}") = "PortMemoryBenchmark", "PortMemoryBenchmark\PortMemoryBenchmark.vcxproj", "{62D95050-52A0-468E-A144-667BA9293635}"
EndProject
Global
	GlobalSection(SolutionConfigurationPlatforms) = preSolution
		Debug|x64 = Debug|x64
		Debug|x86 = Debug|x86
		Release|x64 = Release|x64
		Release|x86 = Release|x86
	EndGlobalSection
	GlobalSection(ProjectConfigurationPlatforms) = postSolution
		{62D95050-52A0-468E-A144-667BA9293635}.Debug|x64.ActiveCfg = Debug|x64
		{62D95050-52A0-468E-A144-667BA9293635}.Debug|x64.Build.0 = Debug|x64
		{62D95050-52A0-468E-A144-667BA9293635}.Debug|x86.ActiveCfg = Debug|Win32
		{62D95050-52A0-468E-A144-667BA9293635}.Debug|x86.Build.0 = Debug|Win32
		{62D95050-52A0-468E-A144-667BA9293635}.Release|x64.ActiveCfg = Release|x64
		{62D95050-52A0-468E-A144-667BA9293635}.Release|x64.Build.0 = Release|x64
		{62D95050-52A0-468E-A144-667BA9293635}.Release|x86.ActiveCfg = Release|Win32
		{62D95050-52A0-468E-A144-667BA9293635}.Release|x86.Build.0 = Release|Win32
	EndGlobalSection
	GlobalSection(SolutionProperties) = preSolution
		HideSolutionNode = FALSE
	EndGlobalSection
	GlobalSection(ExtensibilityGlobals) = postSolution
		SolutionGuid = {6F84CAE8-B8BC-4EE4-9071-B4DE9ADA2860}
	EndGlobalSection
EndGlobal
